
Microsoft Visual Studio Solution File, Format Version 12.00
# Visual Studio Version 17
VisualStudioVersion = 17.13.35825.132
MinimumVisualStudioVersion = 10.0.40219.1
Project("{2150E333-8FDC-42A3-9474-1A3956D46DE8}") = "src", "src", "{A1000001-0000-0000-0000-000000000001}"
EndProject
Project("{2150E333-8FDC-42A3-9474-1A3956D46DE8}") = "BuildingBlocks", "BuildingBlocks", "{A1000002-0000-0000-0000-000000000002}"
EndProject
Project("{2150E333-8FDC-42A3-9474-1A3956D46DE8}") = "Services", "Services", "{A1000003-0000-0000-0000-000000000003}"
EndProject
Project("{2150E333-8FDC-42A3-9474-1A3956D46DE8}") = "Analytics", "Analytics", "{A1000004-0000-0000-0000-000000000004}"
EndProject
Project("{2150E333-8FDC-42A3-9474-1A3956D46DE8}") = "Charity", "Charity", "{A1000005-0000-0000-0000-000000000005}"
EndProject
Project("{2150E333-8FDC-42A3-9474-1A3956D46DE8}") = "Disputes", "Disputes", "{A1000006-0000-0000-0000-000000000006}"
EndProject
Project("{2150E333-8FDC-42A3-9474-1A3956D46DE8}") = "Files", "Files", "{A1000007-0000-0000-0000-000000000007}"
EndProject
Project("{2150E333-8FDC-42A3-9474-1A3956D46DE8}") = "Identity", "Identity", "{A1000008-0000-0000-0000-000000000008}"
EndProject
Project("{2150E333-8FDC-42A3-9474-1A3956D46DE8}") = "Listings", "Listings", "{A1000009-0000-0000-0000-000000000009}"
EndProject
Project("{2150E333-8FDC-42A3-9474-1A3956D46DE8}") = "Messaging", "Messaging", "{A100000A-0000-0000-0000-00000000000A}"
EndProject
Project("{2150E333-8FDC-42A3-9474-1A3956D46DE8}") = "Notifications", "Notifications", "{A100000B-0000-0000-0000-00000000000B}"
EndProject
Project("{2150E333-8FDC-42A3-9474-1A3956D46DE8}") = "Transactions", "Transactions", "{A100000C-0000-0000-0000-00000000000C}"
EndProject
Project("{2150E333-8FDC-42A3-9474-1A3956D46DE8}") = "Users", "Users", "{A100000D-0000-0000-0000-00000000000D}"
EndProject
Project("{2150E333-8FDC-42A3-9474-1A3956D46DE8}") = "Gateway", "Gateway", "{A100000E-0000-0000-0000-00000000000E}"
EndProject
Project("{9A19103F-16F7-4668-BE54-9A1E7A4F7556}") = "ResX.Common", "src\BuildingBlocks\ResX.Common\ResX.Common.csproj", "{B1000001-0000-0000-0000-000000000001}"
EndProject
Project("{9A19103F-16F7-4668-BE54-9A1E7A4F7556}") = "ResX.EventBus.RabbitMQ", "src\BuildingBlocks\ResX.EventBus.RabbitMQ\ResX.EventBus.RabbitMQ.csproj", "{B1000002-0000-0000-0000-000000000002}"
EndProject
Project("{9A19103F-16F7-4668-BE54-9A1E7A4F7556}") = "ResX.Caching.Redis", "src\BuildingBlocks\ResX.Caching.Redis\ResX.Caching.Redis.csproj", "{B1000003-0000-0000-0000-000000000003}"
EndProject
Project("{9A19103F-16F7-4668-BE54-9A1E7A4F7556}") = "ResX.Storage.S3", "src\BuildingBlocks\ResX.Storage.S3\ResX.Storage.S3.csproj", "{B1000004-0000-0000-0000-000000000004}"
EndProject
Project("{9A19103F-16F7-4668-BE54-9A1E7A4F7556}") = "ResX.Analytics.Application", "src\Services\Analytics\ResX.Analytics.Application\ResX.Analytics.Application.csproj", "{C1000001-0000-0000-0000-000000000001}"
EndProject
Project("{9A19103F-16F7-4668-BE54-9A1E7A4F7556}") = "ResX.Analytics.Infrastructure", "src\Services\Analytics\ResX.Analytics.Infrastructure\ResX.Analytics.Infrastructure.csproj", "{C1000002-0000-0000-0000-000000000002}"
EndProject
Project("{9A19103F-16F7-4668-BE54-9A1E7A4F7556}") = "ResX.Analytics.API", "src\Services\Analytics\ResX.Analytics.API\ResX.Analytics.API.csproj", "{C1000003-0000-0000-0000-000000000003}"
EndProject
Project("{9A19103F-16F7-4668-BE54-9A1E7A4F7556}") = "ResX.Charity.Domain", "src\Services\Charity\ResX.Charity.Domain\ResX.Charity.Domain.csproj", "{C2000001-0000-0000-0000-000000000001}"
EndProject
Project("{9A19103F-16F7-4668-BE54-9A1E7A4F7556}") = "ResX.Charity.Application", "src\Services\Charity\ResX.Charity.Application\ResX.Charity.Application.csproj", "{C2000002-0000-0000-0000-000000000002}"
EndProject
Project("{9A19103F-16F7-4668-BE54-9A1E7A4F7556}") = "ResX.Charity.Infrastructure", "src\Services\Charity\ResX.Charity.Infrastructure\ResX.Charity.Infrastructure.csproj", "{C2000003-0000-0000-0000-000000000003}"
EndProject
Project("{9A19103F-16F7-4668-BE54-9A1E7A4F7556}") = "ResX.Charity.API", "src\Services\Charity\ResX.Charity.API\ResX.Charity.API.csproj", "{C2000004-0000-0000-0000-000000000004}"
EndProject
Project("{9A19103F-16F7-4668-BE54-9A1E7A4F7556}") = "ResX.Disputes.Domain", "src\Services\Disputes\ResX.Disputes.Domain\ResX.Disputes.Domain.csproj", "{C3000001-0000-0000-0000-000000000001}"
EndProject
Project("{9A19103F-16F7-4668-BE54-9A1E7A4F7556}") = "ResX.Disputes.Application", "src\Services\Disputes\ResX.Disputes.Application\ResX.Disputes.Application.csproj", "{C3000002-0000-0000-0000-000000000002}"
EndProject
Project("{9A19103F-16F7-4668-BE54-9A1E7A4F7556}") = "ResX.Disputes.Infrastructure", "src\Services\Disputes\ResX.Disputes.Infrastructure\ResX.Disputes.Infrastructure.csproj", "{C3000003-0000-0000-0000-000000000003}"
EndProject
Project("{9A19103F-16F7-4668-BE54-9A1E7A4F7556}") = "ResX.Disputes.API", "src\Services\Disputes\ResX.Disputes.API\ResX.Disputes.API.csproj", "{C3000004-0000-0000-0000-000000000004}"
EndProject
Project("{9A19103F-16F7-4668-BE54-9A1E7A4F7556}") = "ResX.Files.Domain", "src\Services\Files\ResX.Files.Domain\ResX.Files.Domain.csproj", "{C4000001-0000-0000-0000-000000000001}"
EndProject
Project("{9A19103F-16F7-4668-BE54-9A1E7A4F7556}") = "ResX.Files.Application", "src\Services\Files\ResX.Files.Application\ResX.Files.Application.csproj", "{C4000002-0000-0000-0000-000000000002}"
EndProject
Project("{9A19103F-16F7-4668-BE54-9A1E7A4F7556}") = "ResX.Files.Infrastructure", "src\Services\Files\ResX.Files.Infrastructure\ResX.Files.Infrastructure.csproj", "{C4000003-0000-0000-0000-000000000003}"
EndProject
Project("{9A19103F-16F7-4668-BE54-9A1E7A4F7556}") = "ResX.Files.API", "src\Services\Files\ResX.Files.API\ResX.Files.API.csproj", "{C4000004-0000-0000-0000-000000000004}"
EndProject
Project("{9A19103F-16F7-4668-BE54-9A1E7A4F7556}") = "ResX.Identity.Domain", "src\Services\Identity\ResX.Identity.Domain\ResX.Identity.Domain.csproj", "{C5000001-0000-0000-0000-000000000001}"
EndProject
Project("{9A19103F-16F7-4668-BE54-9A1E7A4F7556}") = "ResX.Identity.Application", "src\Services\Identity\ResX.Identity.Application\ResX.Identity.Application.csproj", "{C5000002-0000-0000-0000-000000000002}"
EndProject
Project("{9A19103F-16F7-4668-BE54-9A1E7A4F7556}") = "ResX.Identity.Infrastructure", "src\Services\Identity\ResX.Identity.Infrastructure\ResX.Identity.Infrastructure.csproj", "{C5000003-0000-0000-0000-000000000003}"
EndProject
Project("{9A19103F-16F7-4668-BE54-9A1E7A4F7556}") = "ResX.Identity.API", "src\Services\Identity\ResX.Identity.API\ResX.Identity.API.csproj", "{C5000004-0000-0000-0000-000000000004}"
EndProject
Project("{9A19103F-16F7-4668-BE54-9A1E7A4F7556}") = "ResX.Listings.Domain", "src\Services\Listings\ResX.Listings.Domain\ResX.Listings.Domain.csproj", "{C6000001-0000-0000-0000-000000000001}"
EndProject
Project("{9A19103F-16F7-4668-BE54-9A1E7A4F7556}") = "ResX.Listings.Application", "src\Services\Listings\ResX.Listings.Application\ResX.Listings.Application.csproj", "{C6000002-0000-0000-0000-000000000002}"
EndProject
Project("{9A19103F-16F7-4668-BE54-9A1E7A4F7556}") = "ResX.Listings.Infrastructure", "src\Services\Listings\ResX.Listings.Infrastructure\ResX.Listings.Infrastructure.csproj", "{C6000003-0000-0000-0000-000000000003}"
EndProject
Project("{9A19103F-16F7-4668-BE54-9A1E7A4F7556}") = "ResX.Listings.API", "src\Services\Listings\ResX.Listings.API\ResX.Listings.API.csproj", "{C6000004-0000-0000-0000-000000000004}"
EndProject
Project("{9A19103F-16F7-4668-BE54-9A1E7A4F7556}") = "ResX.Messaging.Domain", "src\Services\Messaging\ResX.Messaging.Domain\ResX.Messaging.Domain.csproj", "{C7000001-0000-0000-0000-000000000001}"
EndProject
Project("{9A19103F-16F7-4668-BE54-9A1E7A4F7556}") = "ResX.Messaging.Application", "src\Services\Messaging\ResX.Messaging.Application\ResX.Messaging.Application.csproj", "{C7000002-0000-0000-0000-000000000002}"
EndProject
Project("{9A19103F-16F7-4668-BE54-9A1E7A4F7556}") = "ResX.Messaging.Infrastructure", "src\Services\Messaging\ResX.Messaging.Infrastructure\ResX.Messaging.Infrastructure.csproj", "{C7000003-0000-0000-0000-000000000003}"
EndProject
Project("{9A19103F-16F7-4668-BE54-9A1E7A4F7556}") = "ResX.Messaging.API", "src\Services\Messaging\ResX.Messaging.API\ResX.Messaging.API.csproj", "{C7000004-0000-0000-0000-000000000004}"
EndProject
Project("{9A19103F-16F7-4668-BE54-9A1E7A4F7556}") = "ResX.Notifications.Domain", "src\Services\Notifications\ResX.Notifications.Domain\ResX.Notifications.Domain.csproj", "{C8000001-0000-0000-0000-000000000001}"
EndProject
Project("{9A19103F-16F7-4668-BE54-9A1E7A4F7556}") = "ResX.Notifications.Application", "src\Services\Notifications\ResX.Notifications.Application\ResX.Notifications.Application.csproj", "{C8000002-0000-0000-0000-000000000002}"
EndProject
Project("{9A19103F-16F7-4668-BE54-9A1E7A4F7556}") = "ResX.Notifications.Infrastructure", "src\Services\Notifications\ResX.Notifications.Infrastructure\ResX.Notifications.Infrastructure.csproj", "{C8000003-0000-0000-0000-000000000003}"
EndProject
Project("{9A19103F-16F7-4668-BE54-9A1E7A4F7556}") = "ResX.Notifications.API", "src\Services\Notifications\ResX.Notifications.API\ResX.Notifications.API.csproj", "{C8000004-0000-0000-0000-000000000004}"
EndProject
Project("{9A19103F-16F7-4668-BE54-9A1E7A4F7556}") = "ResX.Transactions.Domain", "src\Services\Transactions\ResX.Transactions.Domain\ResX.Transactions.Domain.csproj", "{C9000001-0000-0000-0000-000000000001}"
EndProject
Project("{9A19103F-16F7-4668-BE54-9A1E7A4F7556}") = "ResX.Transactions.Application", "src\Services\Transactions\ResX.Transactions.Application\ResX.Transactions.Application.csproj", "{C9000002-0000-0000-0000-000000000002}"
EndProject
Project("{9A19103F-16F7-4668-BE54-9A1E7A4F7556}") = "ResX.Transactions.Infrastructure", "src\Services\Transactions\ResX.Transactions.Infrastructure\ResX.Transactions.Infrastructure.csproj", "{C9000003-0000-0000-0000-000000000003}"
EndProject
Project("{9A19103F-16F7-4668-BE54-9A1E7A4F7556}") = "ResX.Transactions.API", "src\Services\Transactions\ResX.Transactions.API\ResX.Transactions.API.csproj", "{C9000004-0000-0000-0000-000000000004}"
EndProject
Project("{9A19103F-16F7-4668-BE54-9A1E7A4F7556}") = "ResX.Users.Domain", "src\Services\Users\ResX.Users.Domain\ResX.Users.Domain.csproj", "{CA000001-0000-0000-0000-000000000001}"
EndProject
Project("{9A19103F-16F7-4668-BE54-9A1E7A4F7556}") = "ResX.Users.Application", "src\Services\Users\ResX.Users.Application\ResX.Users.Application.csproj", "{CA000002-0000-0000-0000-000000000002}"
EndProject
Project("{9A19103F-16F7-4668-BE54-9A1E7A4F7556}") = "ResX.Users.Infrastructure", "src\Services\Users\ResX.Users.Infrastructure\ResX.Users.Infrastructure.csproj", "{CA000003-0000-0000-0000-000000000003}"
EndProject
Project("{9A19103F-16F7-4668-BE54-9A1E7A4F7556}") = "ResX.Users.API", "src\Services\Users\ResX.Users.API\ResX.Users.API.csproj", "{CA000004-0000-0000-0000-000000000004}"
EndProject
Project("{9A19103F-16F7-4668-BE54-9A1E7A4F7556}") = "ResX.ApiGateway", "src\Gateway\ResX.ApiGateway\ResX.ApiGateway.csproj", "{CB000001-0000-0000-0000-000000000001}"
EndProject
Project("{2150E333-8FDC-42A3-9474-1A3956D46DE8}") = "tests", "tests", "{A100000F-0000-0000-0000-00000000000F}"
EndProject
Project("{9A19103F-16F7-4668-BE54-9A1E7A4F7556}") = "ResX.IntegrationTests.Common", "tests\ResX.IntegrationTests.Common\ResX.IntegrationTests.Common.csproj", "{D1000001-0000-0000-0000-000000000001}"
EndProject
Project("{9A19103F-16F7-4668-BE54-9A1E7A4F7556}") = "ResX.Identity.IntegrationTests", "tests\ResX.Identity.IntegrationTests\ResX.Identity.IntegrationTests.csproj", "{D1000002-0000-0000-0000-000000000002}"
EndProject
Project("{9A19103F-16F7-4668-BE54-9A1E7A4F7556}") = "ResX.Listings.IntegrationTests", "tests\ResX.Listings.IntegrationTests\ResX.Listings.IntegrationTests.csproj", "{D1000003-0000-0000-0000-000000000003}"
EndProject
Project("{9A19103F-16F7-4668-BE54-9A1E7A4F7556}") = "ResX.Transactions.IntegrationTests", "tests\ResX.Transactions.IntegrationTests\ResX.Transactions.IntegrationTests.csproj", "{D1000004-0000-0000-0000-000000000004}"
EndProject
Project("{FAE04EC0-301F-11D3-BF4B-00C04F79EFBC}") = "ResX.Users.IntegrationTests", "tests\ResX.Users.IntegrationTests\ResX.Users.IntegrationTests.csproj", "{6C7AE47B-FAF3-4EF0-BFD7-2066491485EC}"
EndProject
Project("{FAE04EC0-301F-11D3-BF4B-00C04F79EFBC}") = "ResX.Messaging.IntegrationTests", "tests\ResX.Messaging.IntegrationTests\ResX.Messaging.IntegrationTests.csproj", "{F2716837-85C6-4124-B101-6D008887DFE8}"
EndProject
Project("{FAE04EC0-301F-11D3-BF4B-00C04F79EFBC}") = "ResX.Notifications.IntegrationTests", "tests\ResX.Notifications.IntegrationTests\ResX.Notifications.IntegrationTests.csproj", "{249358DB-6D60-4297-93BC-65EC5ABEDE15}"
EndProject
Project("{FAE04EC0-301F-11D3-BF4B-00C04F79EFBC}") = "ResX.Charity.IntegrationTests", "tests\ResX.Charity.IntegrationTests\ResX.Charity.IntegrationTests.csproj", "{A07EFFC4-CB5F-41F2-AB95-335B0E0F2AB7}"
EndProject
Project("{FAE04EC0-301F-11D3-BF4B-00C04F79EFBC}") = "ResX.Disputes.IntegrationTests", "tests\ResX.Disputes.IntegrationTests\ResX.Disputes.IntegrationTests.csproj", "{7C74EBB3-BAED-46AD-A9FF-AB117B18F09D}"
EndProject
Project("{FAE04EC0-301F-11D3-BF4B-00C04F79EFBC}") = "ResX.Analytics.IntegrationTests", "tests\ResX.Analytics.IntegrationTests\ResX.Analytics.IntegrationTests.csproj", "{FBE6E25D-A898-47D0-ADC2-193611877D2B}"
EndProject
Project("{FAE04EC0-301F-11D3-BF4B-00C04F79EFBC}") = "ResX.Files.IntegrationTests", "tests\ResX.Files.IntegrationTests\ResX.Files.IntegrationTests.csproj", "{15DF27B6-2172-40A3-9678-0E0815C53D4F}"
EndProject
Global
	GlobalSection(SolutionConfigurationPlatforms) = preSolution
		Debug|Any CPU = Debug|Any CPU
		Debug|x64 = Debug|x64
		Debug|x86 = Debug|x86
		Release|Any CPU = Release|Any CPU
		Release|x64 = Release|x64
		Release|x86 = Release|x86
	EndGlobalSection
	GlobalSection(ProjectConfigurationPlatforms) = postSolution
		{B1000001-0000-0000-0000-000000000001}.Debug|Any CPU.ActiveCfg = Debug|Any CPU
		{B1000001-0000-0000-0000-000000000001}.Debug|Any CPU.Build.0 = Debug|Any CPU
		{B1000001-0000-0000-0000-000000000001}.Debug|x64.ActiveCfg = Debug|Any CPU
		{B1000001-0000-0000-0000-000000000001}.Debug|x64.Build.0 = Debug|Any CPU
		{B1000001-0000-0000-0000-000000000001}.Debug|x86.ActiveCfg = Debug|Any CPU
		{B1000001-0000-0000-0000-000000000001}.Debug|x86.Build.0 = Debug|Any CPU
		{B1000001-0000-0000-0000-000000000001}.Release|Any CPU.ActiveCfg = Release|Any CPU
		{B1000001-0000-0000-0000-000000000001}.Release|Any CPU.Build.0 = Release|Any CPU
		{B1000001-0000-0000-0000-000000000001}.Release|x64.ActiveCfg = Release|Any CPU
		{B1000001-0000-0000-0000-000000000001}.Release|x64.Build.0 = Release|Any CPU
		{B1000001-0000-0000-0000-000000000001}.Release|x86.ActiveCfg = Release|Any CPU
		{B1000001-0000-0000-0000-000000000001}.Release|x86.Build.0 = Release|Any CPU
		{B1000002-0000-0000-0000-000000000002}.Debug|Any CPU.ActiveCfg = Debug|Any CPU
		{B1000002-0000-0000-0000-000000000002}.Debug|Any CPU.Build.0 = Debug|Any CPU
		{B1000002-0000-0000-0000-000000000002}.Debug|x64.ActiveCfg = Debug|Any CPU
		{B1000002-0000-0000-0000-000000000002}.Debug|x64.Build.0 = Debug|Any CPU
		{B1000002-0000-0000-0000-000000000002}.Debug|x86.ActiveCfg = Debug|Any CPU
		{B1000002-0000-0000-0000-000000000002}.Debug|x86.Build.0 = Debug|Any CPU
		{B1000002-0000-0000-0000-000000000002}.Release|Any CPU.ActiveCfg = Release|Any CPU
		{B1000002-0000-0000-0000-000000000002}.Release|Any CPU.Build.0 = Release|Any CPU
		{B1000002-0000-0000-0000-000000000002}.Release|x64.ActiveCfg = Release|Any CPU
		{B1000002-0000-0000-0000-000000000002}.Release|x64.Build.0 = Release|Any CPU
		{B1000002-0000-0000-0000-000000000002}.Release|x86.ActiveCfg = Release|Any CPU
		{B1000002-0000-0000-0000-000000000002}.Release|x86.Build.0 = Release|Any CPU
		{B1000003-0000-0000-0000-000000000003}.Debug|Any CPU.ActiveCfg = Debug|Any CPU
		{B1000003-0000-0000-0000-000000000003}.Debug|Any CPU.Build.0 = Debug|Any CPU
		{B1000003-0000-0000-0000-000000000003}.Debug|x64.ActiveCfg = Debug|Any CPU
		{B1000003-0000-0000-0000-000000000003}.Debug|x64.Build.0 = Debug|Any CPU
		{B1000003-0000-0000-0000-000000000003}.Debug|x86.ActiveCfg = Debug|Any CPU
		{B1000003-0000-0000-0000-000000000003}.Debug|x86.Build.0 = Debug|Any CPU
		{B1000003-0000-0000-0000-000000000003}.Release|Any CPU.ActiveCfg = Release|Any CPU
		{B1000003-0000-0000-0000-000000000003}.Release|Any CPU.Build.0 = Release|Any CPU
		{B1000003-0000-0000-0000-000000000003}.Release|x64.ActiveCfg = Release|Any CPU
		{B1000003-0000-0000-0000-000000000003}.Release|x64.Build.0 = Release|Any CPU
		{B1000003-0000-0000-0000-000000000003}.Release|x86.ActiveCfg = Release|Any CPU
		{B1000003-0000-0000-0000-000000000003}.Release|x86.Build.0 = Release|Any CPU
		{B1000004-0000-0000-0000-000000000004}.Debug|Any CPU.ActiveCfg = Debug|Any CPU
		{B1000004-0000-0000-0000-000000000004}.Debug|Any CPU.Build.0 = Debug|Any CPU
		{B1000004-0000-0000-0000-000000000004}.Debug|x64.ActiveCfg = Debug|Any CPU
		{B1000004-0000-0000-0000-000000000004}.Debug|x64.Build.0 = Debug|Any CPU
		{B1000004-0000-0000-0000-000000000004}.Debug|x86.ActiveCfg = Debug|Any CPU
		{B1000004-0000-0000-0000-000000000004}.Debug|x86.Build.0 = Debug|Any CPU
		{B1000004-0000-0000-0000-000000000004}.Release|Any CPU.ActiveCfg = Release|Any CPU
		{B1000004-0000-0000-0000-000000000004}.Release|Any CPU.Build.0 = Release|Any CPU
		{B1000004-0000-0000-0000-000000000004}.Release|x64.ActiveCfg = Release|Any CPU
		{B1000004-0000-0000-0000-000000000004}.Release|x64.Build.0 = Release|Any CPU
		{B1000004-0000-0000-0000-000000000004}.Release|x86.ActiveCfg = Release|Any CPU
		{B1000004-0000-0000-0000-000000000004}.Release|x86.Build.0 = Release|Any CPU
		{C1000001-0000-0000-0000-000000000001}.Debug|Any CPU.ActiveCfg = Debug|Any CPU
		{C1000001-0000-0000-0000-000000000001}.Debug|Any CPU.Build.0 = Debug|Any CPU
		{C1000001-0000-0000-0000-000000000001}.Debug|x64.ActiveCfg = Debug|Any CPU
		{C1000001-0000-0000-0000-000000000001}.Debug|x64.Build.0 = Debug|Any CPU
		{C1000001-0000-0000-0000-000000000001}.Debug|x86.ActiveCfg = Debug|Any CPU
		{C1000001-0000-0000-0000-000000000001}.Debug|x86.Build.0 = Debug|Any CPU
		{C1000001-0000-0000-0000-000000000001}.Release|Any CPU.ActiveCfg = Release|Any CPU
		{C1000001-0000-0000-0000-000000000001}.Release|Any CPU.Build.0 = Release|Any CPU
		{C1000001-0000-0000-0000-000000000001}.Release|x64.ActiveCfg = Release|Any CPU
		{C1000001-0000-0000-0000-000000000001}.Release|x64.Build.0 = Release|Any CPU
		{C1000001-0000-0000-0000-000000000001}.Release|x86.ActiveCfg = Release|Any CPU
		{C1000001-0000-0000-0000-000000000001}.Release|x86.Build.0 = Release|Any CPU
		{C1000002-0000-0000-0000-000000000002}.Debug|Any CPU.ActiveCfg = Debug|Any CPU
		{C1000002-0000-0000-0000-000000000002}.Debug|Any CPU.Build.0 = Debug|Any CPU
		{C1000002-0000-0000-0000-000000000002}.Debug|x64.ActiveCfg = Debug|Any CPU
		{C1000002-0000-0000-0000-000000000002}.Debug|x64.Build.0 = Debug|Any CPU
		{C1000002-0000-0000-0000-000000000002}.Debug|x86.ActiveCfg = Debug|Any CPU
		{C1000002-0000-0000-0000-000000000002}.Debug|x86.Build.0 = Debug|Any CPU
		{C1000002-0000-0000-0000-000000000002}.Release|Any CPU.ActiveCfg = Release|Any CPU
		{C1000002-0000-0000-0000-000000000002}.Release|Any CPU.Build.0 = Release|Any CPU
		{C1000002-0000-0000-0000-000000000002}.Release|x64.ActiveCfg = Release|Any CPU
		{C1000002-0000-0000-0000-000000000002}.Release|x64.Build.0 = Release|Any CPU
		{C1000002-0000-0000-0000-000000000002}.Release|x86.ActiveCfg = Release|Any CPU
		{C1000002-0000-0000-0000-000000000002}.Release|x86.Build.0 = Release|Any CPU
		{C1000003-0000-0000-0000-000000000003}.Debug|Any CPU.ActiveCfg = Debug|Any CPU
		{C1000003-0000-0000-0000-000000000003}.Debug|Any CPU.Build.0 = Debug|Any CPU
		{C1000003-0000-0000-0000-000000000003}.Debug|x64.ActiveCfg = Debug|Any CPU
		{C1000003-0000-0000-0000-000000000003}.Debug|x64.Build.0 = Debug|Any CPU
		{C1000003-0000-0000-0000-000000000003}.Debug|x86.ActiveCfg = Debug|Any CPU
		{C1000003-0000-0000-0000-000000000003}.Debug|x86.Build.0 = Debug|Any CPU
		{C1000003-0000-0000-0000-000000000003}.Release|Any CPU.ActiveCfg = Release|Any CPU
		{C1000003-0000-0000-0000-000000000003}.Release|Any CPU.Build.0 = Release|Any CPU
		{C1000003-0000-0000-0000-000000000003}.Release|x64.ActiveCfg = Release|Any CPU
		{C1000003-0000-0000-0000-000000000003}.Release|x64.Build.0 = Release|Any CPU
		{C1000003-0000-0000-0000-000000000003}.Release|x86.ActiveCfg = Release|Any CPU
		{C1000003-0000-0000-0000-000000000003}.Release|x86.Build.0 = Release|Any CPU
		{C2000001-0000-0000-0000-000000000001}.Debug|Any CPU.ActiveCfg = Debug|Any CPU
		{C2000001-0000-0000-0000-000000000001}.Debug|Any CPU.Build.0 = Debug|Any CPU
		{C2000001-0000-0000-0000-000000000001}.Debug|x64.ActiveCfg = Debug|Any CPU
		{C2000001-0000-0000-0000-000000000001}.Debug|x64.Build.0 = Debug|Any CPU
		{C2000001-0000-0000-0000-000000000001}.Debug|x86.ActiveCfg = Debug|Any CPU
		{C2000001-0000-0000-0000-000000000001}.Debug|x86.Build.0 = Debug|Any CPU
		{C2000001-0000-0000-0000-000000000001}.Release|Any CPU.ActiveCfg = Release|Any CPU
		{C2000001-0000-0000-0000-000000000001}.Release|Any CPU.Build.0 = Release|Any CPU
		{C2000001-0000-0000-0000-000000000001}.Release|x64.ActiveCfg = Release|Any CPU
		{C2000001-0000-0000-0000-000000000001}.Release|x64.Build.0 = Release|Any CPU
		{C2000001-0000-0000-0000-000000000001}.Release|x86.ActiveCfg = Release|Any CPU
		{C2000001-0000-0000-0000-000000000001}.Release|x86.Build.0 = Release|Any CPU
		{C2000002-0000-0000-0000-000000000002}.Debug|Any CPU.ActiveCfg = Debug|Any CPU
		{C2000002-0000-0000-0000-000000000002}.Debug|Any CPU.Build.0 = Debug|Any CPU
		{C2000002-0000-0000-0000-000000000002}.Debug|x64.ActiveCfg = Debug|Any CPU
		{C2000002-0000-0000-0000-000000000002}.Debug|x64.Build.0 = Debug|Any CPU
		{C2000002-0000-0000-0000-000000000002}.Debug|x86.ActiveCfg = Debug|Any CPU
		{C2000002-0000-0000-0000-000000000002}.Debug|x86.Build.0 = Debug|Any CPU
		{C2000002-0000-0000-0000-000000000002}.Release|Any CPU.ActiveCfg = Release|Any CPU
		{C2000002-0000-0000-0000-000000000002}.Release|Any CPU.Build.0 = Release|Any CPU
		{C2000002-0000-0000-0000-000000000002}.Release|x64.ActiveCfg = Release|Any CPU
		{C2000002-0000-0000-0000-000000000002}.Release|x64.Build.0 = Release|Any CPU
		{C2000002-0000-0000-0000-000000000002}.Release|x86.ActiveCfg = Release|Any CPU
		{C2000002-0000-0000-0000-000000000002}.Release|x86.Build.0 = Release|Any CPU
		{C2000003-0000-0000-0000-000000000003}.Debug|Any CPU.ActiveCfg = Debug|Any CPU
		{C2000003-0000-0000-0000-000000000003}.Debug|Any CPU.Build.0 = Debug|Any CPU
		{C2000003-0000-0000-0000-000000000003}.Debug|x64.ActiveCfg = Debug|Any CPU
		{C2000003-0000-0000-0000-000000000003}.Debug|x64.Build.0 = Debug|Any CPU
		{C2000003-0000-0000-0000-000000000003}.Debug|x86.ActiveCfg = Debug|Any CPU
		{C2000003-0000-0000-0000-000000000003}.Debug|x86.Build.0 = Debug|Any CPU
		{C2000003-0000-0000-0000-000000000003}.Release|Any CPU.ActiveCfg = Release|Any CPU
		{C2000003-0000-0000-0000-000000000003}.Release|Any CPU.Build.0 = Release|Any CPU
		{C2000003-0000-0000-0000-000000000003}.Release|x64.ActiveCfg = Release|Any CPU
		{C2000003-0000-0000-0000-000000000003}.Release|x64.Build.0 = Release|Any CPU
		{C2000003-0000-0000-0000-000000000003}.Release|x86.ActiveCfg = Release|Any CPU
		{C2000003-0000-0000-0000-000000000003}.Release|x86.Build.0 = Release|Any CPU
		{C2000004-0000-0000-0000-000000000004}.Debug|Any CPU.ActiveCfg = Debug|Any CPU
		{C2000004-0000-0000-0000-000000000004}.Debug|Any CPU.Build.0 = Debug|Any CPU
		{C2000004-0000-0000-0000-000000000004}.Debug|x64.ActiveCfg = Debug|Any CPU
		{C2000004-0000-0000-0000-000000000004}.Debug|x64.Build.0 = Debug|Any CPU
		{C2000004-0000-0000-0000-000000000004}.Debug|x86.ActiveCfg = Debug|Any CPU
		{C2000004-0000-0000-0000-000000000004}.Debug|x86.Build.0 = Debug|Any CPU
		{C2000004-0000-0000-0000-000000000004}.Release|Any CPU.ActiveCfg = Release|Any CPU
		{C2000004-0000-0000-0000-000000000004}.Release|Any CPU.Build.0 = Release|Any CPU
		{C2000004-0000-0000-0000-000000000004}.Release|x64.ActiveCfg = Release|Any CPU
		{C2000004-0000-0000-0000-000000000004}.Release|x64.Build.0 = Release|Any CPU
		{C2000004-0000-0000-0000-000000000004}.Release|x86.ActiveCfg = Release|Any CPU
		{C2000004-0000-0000-0000-000000000004}.Release|x86.Build.0 = Release|Any CPU
		{C3000001-0000-0000-0000-000000000001}.Debug|Any CPU.ActiveCfg = Debug|Any CPU
		{C3000001-0000-0000-0000-000000000001}.Debug|Any CPU.Build.0 = Debug|Any CPU
		{C3000001-0000-0000-0000-000000000001}.Debug|x64.ActiveCfg = Debug|Any CPU
		{C3000001-0000-0000-0000-000000000001}.Debug|x64.Build.0 = Debug|Any CPU
		{C3000001-0000-0000-0000-000000000001}.Debug|x86.ActiveCfg = Debug|Any CPU
		{C3000001-0000-0000-0000-000000000001}.Debug|x86.Build.0 = Debug|Any CPU
		{C3000001-0000-0000-0000-000000000001}.Release|Any CPU.ActiveCfg = Release|Any CPU
		{C3000001-0000-0000-0000-000000000001}.Release|Any CPU.Build.0 = Release|Any CPU
		{C3000001-0000-0000-0000-000000000001}.Release|x64.ActiveCfg = Release|Any CPU
		{C3000001-0000-0000-0000-000000000001}.Release|x64.Build.0 = Release|Any CPU
		{C3000001-0000-0000-0000-000000000001}.Release|x86.ActiveCfg = Release|Any CPU
		{C3000001-0000-0000-0000-000000000001}.Release|x86.Build.0 = Release|Any CPU
		{C3000002-0000-0000-0000-000000000002}.Debug|Any CPU.ActiveCfg = Debug|Any CPU
		{C3000002-0000-0000-0000-000000000002}.Debug|Any CPU.Build.0 = Debug|Any CPU
		{C3000002-0000-0000-0000-000000000002}.Debug|x64.ActiveCfg = Debug|Any CPU
		{C3000002-0000-0000-0000-000000000002}.Debug|x64.Build.0 = Debug|Any CPU
		{C3000002-0000-0000-0000-000000000002}.Debug|x86.ActiveCfg = Debug|Any CPU
		{C3000002-0000-0000-0000-000000000002}.Debug|x86.Build.0 = Debug|Any CPU
		{C3000002-0000-0000-0000-000000000002}.Release|Any CPU.ActiveCfg = Release|Any CPU
		{C3000002-0000-0000-0000-000000000002}.Release|Any CPU.Build.0 = Release|Any CPU
		{C3000002-0000-0000-0000-000000000002}.Release|x64.ActiveCfg = Release|Any CPU
		{C3000002-0000-0000-0000-000000000002}.Release|x64.Build.0 = Release|Any CPU
		{C3000002-0000-0000-0000-000000000002}.Release|x86.ActiveCfg = Release|Any CPU
		{C3000002-0000-0000-0000-000000000002}.Release|x86.Build.0 = Release|Any CPU
		{C3000003-0000-0000-0000-000000000003}.Debug|Any CPU.ActiveCfg = Debug|Any CPU
		{C3000003-0000-0000-0000-000000000003}.Debug|Any CPU.Build.0 = Debug|Any CPU
		{C3000003-0000-0000-0000-000000000003}.Debug|x64.ActiveCfg = Debug|Any CPU
		{C3000003-0000-0000-0000-000000000003}.Debug|x64.Build.0 = Debug|Any CPU
		{C3000003-0000-0000-0000-000000000003}.Debug|x86.ActiveCfg = Debug|Any CPU
		{C3000003-0000-0000-0000-000000000003}.Debug|x86.Build.0 = Debug|Any CPU
		{C3000003-0000-0000-0000-000000000003}.Release|Any CPU.ActiveCfg = Release|Any CPU
		{C3000003-0000-0000-0000-000000000003}.Release|Any CPU.Build.0 = Release|Any CPU
		{C3000003-0000-0000-0000-000000000003}.Release|x64.ActiveCfg = Release|Any CPU
		{C3000003-0000-0000-0000-000000000003}.Release|x64.Build.0 = Release|Any CPU
		{C3000003-0000-0000-0000-000000000003}.Release|x86.ActiveCfg = Release|Any CPU
		{C3000003-0000-0000-0000-000000000003}.Release|x86.Build.0 = Release|Any CPU
		{C3000004-0000-0000-0000-000000000004}.Debug|Any CPU.ActiveCfg = Debug|Any CPU
		{C3000004-0000-0000-0000-000000000004}.Debug|Any CPU.Build.0 = Debug|Any CPU
		{C3000004-0000-0000-0000-000000000004}.Debug|x64.ActiveCfg = Debug|Any CPU
		{C3000004-0000-0000-0000-000000000004}.Debug|x64.Build.0 = Debug|Any CPU
		{C3000004-0000-0000-0000-000000000004}.Debug|x86.ActiveCfg = Debug|Any CPU
		{C3000004-0000-0000-0000-000000000004}.Debug|x86.Build.0 = Debug|Any CPU
		{C3000004-0000-0000-0000-000000000004}.Release|Any CPU.ActiveCfg = Release|Any CPU
		{C3000004-0000-0000-0000-000000000004}.Release|Any CPU.Build.0 = Release|Any CPU
		{C3000004-0000-0000-0000-000000000004}.Release|x64.ActiveCfg = Release|Any CPU
		{C3000004-0000-0000-0000-000000000004}.Release|x64.Build.0 = Release|Any CPU
		{C3000004-0000-0000-0000-000000000004}.Release|x86.ActiveCfg = Release|Any CPU
		{C3000004-0000-0000-0000-000000000004}.Release|x86.Build.0 = Release|Any CPU
		{C4000001-0000-0000-0000-000000000001}.Debug|Any CPU.ActiveCfg = Debug|Any CPU
		{C4000001-0000-0000-0000-000000000001}.Debug|Any CPU.Build.0 = Debug|Any CPU
		{C4000001-0000-0000-0000-000000000001}.Debug|x64.ActiveCfg = Debug|Any CPU
		{C4000001-0000-0000-0000-000000000001}.Debug|x64.Build.0 = Debug|Any CPU
		{C4000001-0000-0000-0000-000000000001}.Debug|x86.ActiveCfg = Debug|Any CPU
		{C4000001-0000-0000-0000-000000000001}.Debug|x86.Build.0 = Debug|Any CPU
		{C4000001-0000-0000-0000-000000000001}.Release|Any CPU.ActiveCfg = Release|Any CPU
		{C4000001-0000-0000-0000-000000000001}.Release|Any CPU.Build.0 = Release|Any CPU
		{C4000001-0000-0000-0000-000000000001}.Release|x64.ActiveCfg = Release|Any CPU
		{C4000001-0000-0000-0000-000000000001}.Release|x64.Build.0 = Release|Any CPU
		{C4000001-0000-0000-0000-000000000001}.Release|x86.ActiveCfg = Release|Any CPU
		{C4000001-0000-0000-0000-000000000001}.Release|x86.Build.0 = Release|Any CPU
		{C4000002-0000-0000-0000-000000000002}.Debug|Any CPU.ActiveCfg = Debug|Any CPU
		{C4000002-0000-0000-0000-000000000002}.Debug|Any CPU.Build.0 = Debug|Any CPU
		{C4000002-0000-0000-0000-000000000002}.Debug|x64.ActiveCfg = Debug|Any CPU
		{C4000002-0000-0000-0000-000000000002}.Debug|x64.Build.0 = Debug|Any CPU
		{C4000002-0000-0000-0000-000000000002}.Debug|x86.ActiveCfg = Debug|Any CPU
		{C4000002-0000-0000-0000-000000000002}.Debug|x86.Build.0 = Debug|Any CPU
		{C4000002-0000-0000-0000-000000000002}.Release|Any CPU.ActiveCfg = Release|Any CPU
		{C4000002-0000-0000-0000-000000000002}.Release|Any CPU.Build.0 = Release|Any CPU
		{C4000002-0000-0000-0000-000000000002}.Release|x64.ActiveCfg = Release|Any CPU
		{C4000002-0000-0000-0000-000000000002}.Release|x64.Build.0 = Release|Any CPU
		{C4000002-0000-0000-0000-000000000002}.Release|x86.ActiveCfg = Release|Any CPU
		{C4000002-0000-0000-0000-000000000002}.Release|x86.Build.0 = Release|Any CPU
		{C4000003-0000-0000-0000-000000000003}.Debug|Any CPU.ActiveCfg = Debug|Any CPU
		{C4000003-0000-0000-0000-000000000003}.Debug|Any CPU.Build.0 = Debug|Any CPU
		{C4000003-0000-0000-0000-000000000003}.Debug|x64.ActiveCfg = Debug|Any CPU
		{C4000003-0000-0000-0000-000000000003}.Debug|x64.Build.0 = Debug|Any CPU
		{C4000003-0000-0000-0000-000000000003}.Debug|x86.ActiveCfg = Debug|Any CPU
		{C4000003-0000-0000-0000-000000000003}.Debug|x86.Build.0 = Debug|Any CPU
		{C4000003-0000-0000-0000-000000000003}.Release|Any CPU.ActiveCfg = Release|Any CPU
		{C4000003-0000-0000-0000-000000000003}.Release|Any CPU.Build.0 = Release|Any CPU
		{C4000003-0000-0000-0000-000000000003}.Release|x64.ActiveCfg = Release|Any CPU
		{C4000003-0000-0000-0000-000000000003}.Release|x64.Build.0 = Release|Any CPU
		{C4000003-0000-0000-0000-000000000003}.Release|x86.ActiveCfg = Release|Any CPU
		{C4000003-0000-0000-0000-000000000003}.Release|x86.Build.0 = Release|Any CPU
		{C4000004-0000-0000-0000-000000000004}.Debug|Any CPU.ActiveCfg = Debug|Any CPU
		{C4000004-0000-0000-0000-000000000004}.Debug|Any CPU.Build.0 = Debug|Any CPU
		{C4000004-0000-0000-0000-000000000004}.Debug|x64.ActiveCfg = Debug|Any CPU
		{C4000004-0000-0000-0000-000000000004}.Debug|x64.Build.0 = Debug|Any CPU
		{C4000004-0000-0000-0000-000000000004}.Debug|x86.ActiveCfg = Debug|Any CPU
		{C4000004-0000-0000-0000-000000000004}.Debug|x86.Build.0 = Debug|Any CPU
		{C4000004-0000-0000-0000-000000000004}.Release|Any CPU.ActiveCfg = Release|Any CPU
		{C4000004-0000-0000-0000-000000000004}.Release|Any CPU.Build.0 = Release|Any CPU
		{C4000004-0000-0000-0000-000000000004}.Release|x64.ActiveCfg = Release|Any CPU
		{C4000004-0000-0000-0000-000000000004}.Release|x64.Build.0 = Release|Any CPU
		{C4000004-0000-0000-0000-000000000004}.Release|x86.ActiveCfg = Release|Any CPU
		{C4000004-0000-0000-0000-000000000004}.Release|x86.Build.0 = Release|Any CPU
		{C5000001-0000-0000-0000-000000000001}.Debug|Any CPU.ActiveCfg = Debug|Any CPU
		{C5000001-0000-0000-0000-000000000001}.Debug|Any CPU.Build.0 = Debug|Any CPU
		{C5000001-0000-0000-0000-000000000001}.Debug|x64.ActiveCfg = Debug|Any CPU
		{C5000001-0000-0000-0000-000000000001}.Debug|x64.Build.0 = Debug|Any CPU
		{C5000001-0000-0000-0000-000000000001}.Debug|x86.ActiveCfg = Debug|Any CPU
		{C5000001-0000-0000-0000-000000000001}.Debug|x86.Build.0 = Debug|Any CPU
		{C5000001-0000-0000-0000-000000000001}.Release|Any CPU.ActiveCfg = Release|Any CPU
		{C5000001-0000-0000-0000-000000000001}.Release|Any CPU.Build.0 = Release|Any CPU
		{C5000001-0000-0000-0000-000000000001}.Release|x64.ActiveCfg = Release|Any CPU
		{C5000001-0000-0000-0000-000000000001}.Release|x64.Build.0 = Release|Any CPU
		{C5000001-0000-0000-0000-000000000001}.Release|x86.ActiveCfg = Release|Any CPU
		{C5000001-0000-0000-0000-000000000001}.Release|x86.Build.0 = Release|Any CPU
		{C5000002-0000-0000-0000-000000000002}.Debug|Any CPU.ActiveCfg = Debug|Any CPU
		{C5000002-0000-0000-0000-000000000002}.Debug|Any CPU.Build.0 = Debug|Any CPU
		{C5000002-0000-0000-0000-000000000002}.Debug|x64.ActiveCfg = Debug|Any CPU
		{C5000002-0000-0000-0000-000000000002}.Debug|x64.Build.0 = Debug|Any CPU
		{C5000002-0000-0000-0000-000000000002}.Debug|x86.ActiveCfg = Debug|Any CPU
		{C5000002-0000-0000-0000-000000000002}.Debug|x86.Build.0 = Debug|Any CPU
		{C5000002-0000-0000-0000-000000000002}.Release|Any CPU.ActiveCfg = Release|Any CPU
		{C5000002-0000-0000-0000-000000000002}.Release|Any CPU.Build.0 = Release|Any CPU
		{C5000002-0000-0000-0000-000000000002}.Release|x64.ActiveCfg = Release|Any CPU
		{C5000002-0000-0000-0000-000000000002}.Release|x64.Build.0 = Release|Any CPU
		{C5000002-0000-0000-0000-000000000002}.Release|x86.ActiveCfg = Release|Any CPU
		{C5000002-0000-0000-0000-000000000002}.Release|x86.Build.0 = Release|Any CPU
		{C5000003-0000-0000-0000-000000000003}.Debug|Any CPU.ActiveCfg = Debug|Any CPU
		{C5000003-0000-0000-0000-000000000003}.Debug|Any CPU.Build.0 = Debug|Any CPU
		{C5000003-0000-0000-0000-000000000003}.Debug|x64.ActiveCfg = Debug|Any CPU
		{C5000003-0000-0000-0000-000000000003}.Debug|x64.Build.0 = Debug|Any CPU
		{C5000003-0000-0000-0000-000000000003}.Debug|x86.ActiveCfg = Debug|Any CPU
		{C5000003-0000-0000-0000-000000000003}.Debug|x86.Build.0 = Debug|Any CPU
		{C5000003-0000-0000-0000-000000000003}.Release|Any CPU.ActiveCfg = Release|Any CPU
		{C5000003-0000-0000-0000-000000000003}.Release|Any CPU.Build.0 = Release|Any CPU
		{C5000003-0000-0000-0000-000000000003}.Release|x64.ActiveCfg = Release|Any CPU
		{C5000003-0000-0000-0000-000000000003}.Release|x64.Build.0 = Release|Any CPU
		{C5000003-0000-0000-0000-000000000003}.Release|x86.ActiveCfg = Release|Any CPU
		{C5000003-0000-0000-0000-000000000003}.Release|x86.Build.0 = Release|Any CPU
		{C5000004-0000-0000-0000-000000000004}.Debug|Any CPU.ActiveCfg = Debug|Any CPU
		{C5000004-0000-0000-0000-000000000004}.Debug|Any CPU.Build.0 = Debug|Any CPU
		{C5000004-0000-0000-0000-000000000004}.Debug|x64.ActiveCfg = Debug|Any CPU
		{C5000004-0000-0000-0000-000000000004}.Debug|x64.Build.0 = Debug|Any CPU
		{C5000004-0000-0000-0000-000000000004}.Debug|x86.ActiveCfg = Debug|Any CPU
		{C5000004-0000-0000-0000-000000000004}.Debug|x86.Build.0 = Debug|Any CPU
		{C5000004-0000-0000-0000-000000000004}.Release|Any CPU.ActiveCfg = Release|Any CPU
		{C5000004-0000-0000-0000-000000000004}.Release|Any CPU.Build.0 = Release|Any CPU
		{C5000004-0000-0000-0000-000000000004}.Release|x64.ActiveCfg = Release|Any CPU
		{C5000004-0000-0000-0000-000000000004}.Release|x64.Build.0 = Release|Any CPU
		{C5000004-0000-0000-0000-000000000004}.Release|x86.ActiveCfg = Release|Any CPU
		{C5000004-0000-0000-0000-000000000004}.Release|x86.Build.0 = Release|Any CPU
		{C6000001-0000-0000-0000-000000000001}.Debug|Any CPU.ActiveCfg = Debug|Any CPU
		{C6000001-0000-0000-0000-000000000001}.Debug|Any CPU.Build.0 = Debug|Any CPU
		{C6000001-0000-0000-0000-000000000001}.Debug|x64.ActiveCfg = Debug|Any CPU
		{C6000001-0000-0000-0000-000000000001}.Debug|x64.Build.0 = Debug|Any CPU
		{C6000001-0000-0000-0000-000000000001}.Debug|x86.ActiveCfg = Debug|Any CPU
		{C6000001-0000-0000-0000-000000000001}.Debug|x86.Build.0 = Debug|Any CPU
		{C6000001-0000-0000-0000-000000000001}.Release|Any CPU.ActiveCfg = Release|Any CPU
		{C6000001-0000-0000-0000-000000000001}.Release|Any CPU.Build.0 = Release|Any CPU
		{C6000001-0000-0000-0000-000000000001}.Release|x64.ActiveCfg = Release|Any CPU
		{C6000001-0000-0000-0000-000000000001}.Release|x64.Build.0 = Release|Any CPU
		{C6000001-0000-0000-0000-000000000001}.Release|x86.ActiveCfg = Release|Any CPU
		{C6000001-0000-0000-0000-000000000001}.Release|x86.Build.0 = Release|Any CPU
		{C6000002-0000-0000-0000-000000000002}.Debug|Any CPU.ActiveCfg = Debug|Any CPU
		{C6000002-0000-0000-0000-000000000002}.Debug|Any CPU.Build.0 = Debug|Any CPU
		{C6000002-0000-0000-0000-000000000002}.Debug|x64.ActiveCfg = Debug|Any CPU
		{C6000002-0000-0000-0000-000000000002}.Debug|x64.Build.0 = Debug|Any CPU
		{C6000002-0000-0000-0000-000000000002}.Debug|x86.ActiveCfg = Debug|Any CPU
		{C6000002-0000-0000-0000-000000000002}.Debug|x86.Build.0 = Debug|Any CPU
		{C6000002-0000-0000-0000-000000000002}.Release|Any CPU.ActiveCfg = Release|Any CPU
		{C6000002-0000-0000-0000-000000000002}.Release|Any CPU.Build.0 = Release|Any CPU
		{C6000002-0000-0000-0000-000000000002}.Release|x64.ActiveCfg = Release|Any CPU
		{C6000002-0000-0000-0000-000000000002}.Release|x64.Build.0 = Release|Any CPU
		{C6000002-0000-0000-0000-000000000002}.Release|x86.ActiveCfg = Release|Any CPU
		{C6000002-0000-0000-0000-000000000002}.Release|x86.Build.0 = Release|Any CPU
		{C6000003-0000-0000-0000-000000000003}.Debug|Any CPU.ActiveCfg = Debug|Any CPU
		{C6000003-0000-0000-0000-000000000003}.Debug|Any CPU.Build.0 = Debug|Any CPU
		{C6000003-0000-0000-0000-000000000003}.Debug|x64.ActiveCfg = Debug|Any CPU
		{C6000003-0000-0000-0000-000000000003}.Debug|x64.Build.0 = Debug|Any CPU
		{C6000003-0000-0000-0000-000000000003}.Debug|x86.ActiveCfg = Debug|Any CPU
		{C6000003-0000-0000-0000-000000000003}.Debug|x86.Build.0 = Debug|Any CPU
		{C6000003-0000-0000-0000-000000000003}.Release|Any CPU.ActiveCfg = Release|Any CPU
		{C6000003-0000-0000-0000-000000000003}.Release|Any CPU.Build.0 = Release|Any CPU
		{C6000003-0000-0000-0000-000000000003}.Release|x64.ActiveCfg = Release|Any CPU
		{C6000003-0000-0000-0000-000000000003}.Release|x64.Build.0 = Release|Any CPU
		{C6000003-0000-0000-0000-000000000003}.Release|x86.ActiveCfg = Release|Any CPU
		{C6000003-0000-0000-0000-000000000003}.Release|x86.Build.0 = Release|Any CPU
		{C6000004-0000-0000-0000-000000000004}.Debug|Any CPU.ActiveCfg = Debug|Any CPU
		{C6000004-0000-0000-0000-000000000004}.Debug|Any CPU.Build.0 = Debug|Any CPU
		{C6000004-0000-0000-0000-000000000004}.Debug|x64.ActiveCfg = Debug|Any CPU
		{C6000004-0000-0000-0000-000000000004}.Debug|x64.Build.0 = Debug|Any CPU
		{C6000004-0000-0000-0000-000000000004}.Debug|x86.ActiveCfg = Debug|Any CPU
		{C6000004-0000-0000-0000-000000000004}.Debug|x86.Build.0 = Debug|Any CPU
		{C6000004-0000-0000-0000-000000000004}.Release|Any CPU.ActiveCfg = Release|Any CPU
		{C6000004-0000-0000-0000-000000000004}.Release|Any CPU.Build.0 = Release|Any CPU
		{C6000004-0000-0000-0000-000000000004}.Release|x64.ActiveCfg = Release|Any CPU
		{C6000004-0000-0000-0000-000000000004}.Release|x64.Build.0 = Release|Any CPU
		{C6000004-0000-0000-0000-000000000004}.Release|x86.ActiveCfg = Release|Any CPU
		{C6000004-0000-0000-0000-000000000004}.Release|x86.Build.0 = Release|Any CPU
		{C7000001-0000-0000-0000-000000000001}.Debug|Any CPU.ActiveCfg = Debug|Any CPU
		{C7000001-0000-0000-0000-000000000001}.Debug|Any CPU.Build.0 = Debug|Any CPU
		{C7000001-0000-0000-0000-000000000001}.Debug|x64.ActiveCfg = Debug|Any CPU
		{C7000001-0000-0000-0000-000000000001}.Debug|x64.Build.0 = Debug|Any CPU
		{C7000001-0000-0000-0000-000000000001}.Debug|x86.ActiveCfg = Debug|Any CPU
		{C7000001-0000-0000-0000-000000000001}.Debug|x86.Build.0 = Debug|Any CPU
		{C7000001-0000-0000-0000-000000000001}.Release|Any CPU.ActiveCfg = Release|Any CPU
		{C7000001-0000-0000-0000-000000000001}.Release|Any CPU.Build.0 = Release|Any CPU
		{C7000001-0000-0000-0000-000000000001}.Release|x64.ActiveCfg = Release|Any CPU
		{C7000001-0000-0000-0000-000000000001}.Release|x64.Build.0 = Release|Any CPU
		{C7000001-0000-0000-0000-000000000001}.Release|x86.ActiveCfg = Release|Any CPU
		{C7000001-0000-0000-0000-000000000001}.Release|x86.Build.0 = Release|Any CPU
		{C7000002-0000-0000-0000-000000000002}.Debug|Any CPU.ActiveCfg = Debug|Any CPU
		{C7000002-0000-0000-0000-000000000002}.Debug|Any CPU.Build.0 = Debug|Any CPU
		{C7000002-0000-0000-0000-000000000002}.Debug|x64.ActiveCfg = Debug|Any CPU
		{C7000002-0000-0000-0000-000000000002}.Debug|x64.Build.0 = Debug|Any CPU
		{C7000002-0000-0000-0000-000000000002}.Debug|x86.ActiveCfg = Debug|Any CPU
		{C7000002-0000-0000-0000-000000000002}.Debug|x86.Build.0 = Debug|Any CPU
		{C7000002-0000-0000-0000-000000000002}.Release|Any CPU.ActiveCfg = Release|Any CPU
		{C7000002-0000-0000-0000-000000000002}.Release|Any CPU.Build.0 = Release|Any CPU
		{C7000002-0000-0000-0000-000000000002}.Release|x64.ActiveCfg = Release|Any CPU
		{C7000002-0000-0000-0000-000000000002}.Release|x64.Build.0 = Release|Any CPU
		{C7000002-0000-0000-0000-000000000002}.Release|x86.ActiveCfg = Release|Any CPU
		{C7000002-0000-0000-0000-000000000002}.Release|x86.Build.0 = Release|Any CPU
		{C7000003-0000-0000-0000-000000000003}.Debug|Any CPU.ActiveCfg = Debug|Any CPU
		{C7000003-0000-0000-0000-000000000003}.Debug|Any CPU.Build.0 = Debug|Any CPU
		{C7000003-0000-0000-0000-000000000003}.Debug|x64.ActiveCfg = Debug|Any CPU
		{C7000003-0000-0000-0000-000000000003}.Debug|x64.Build.0 = Debug|Any CPU
		{C7000003-0000-0000-0000-000000000003}.Debug|x86.ActiveCfg = Debug|Any CPU
		{C7000003-0000-0000-0000-000000000003}.Debug|x86.Build.0 = Debug|Any CPU
		{C7000003-0000-0000-0000-000000000003}.Release|Any CPU.ActiveCfg = Release|Any CPU
		{C7000003-0000-0000-0000-000000000003}.Release|Any CPU.Build.0 = Release|Any CPU
		{C7000003-0000-0000-0000-000000000003}.Release|x64.ActiveCfg = Release|Any CPU
		{C7000003-0000-0000-0000-000000000003}.Release|x64.Build.0 = Release|Any CPU
		{C7000003-0000-0000-0000-000000000003}.Release|x86.ActiveCfg = Release|Any CPU
		{C7000003-0000-0000-0000-000000000003}.Release|x86.Build.0 = Release|Any CPU
		{C7000004-0000-0000-0000-000000000004}.Debug|Any CPU.ActiveCfg = Debug|Any CPU
		{C7000004-0000-0000-0000-000000000004}.Debug|Any CPU.Build.0 = Debug|Any CPU
		{C7000004-0000-0000-0000-000000000004}.Debug|x64.ActiveCfg = Debug|Any CPU
		{C7000004-0000-0000-0000-000000000004}.Debug|x64.Build.0 = Debug|Any CPU
		{C7000004-0000-0000-0000-000000000004}.Debug|x86.ActiveCfg = Debug|Any CPU
		{C7000004-0000-0000-0000-000000000004}.Debug|x86.Build.0 = Debug|Any CPU
		{C7000004-0000-0000-0000-000000000004}.Release|Any CPU.ActiveCfg = Release|Any CPU
		{C7000004-0000-0000-0000-000000000004}.Release|Any CPU.Build.0 = Release|Any CPU
		{C7000004-0000-0000-0000-000000000004}.Release|x64.ActiveCfg = Release|Any CPU
		{C7000004-0000-0000-0000-000000000004}.Release|x64.Build.0 = Release|Any CPU
		{C7000004-0000-0000-0000-000000000004}.Release|x86.ActiveCfg = Release|Any CPU
		{C7000004-0000-0000-0000-000000000004}.Release|x86.Build.0 = Release|Any CPU
		{C8000001-0000-0000-0000-000000000001}.Debug|Any CPU.ActiveCfg = Debug|Any CPU
		{C8000001-0000-0000-0000-000000000001}.Debug|Any CPU.Build.0 = Debug|Any CPU
		{C8000001-0000-0000-0000-000000000001}.Debug|x64.ActiveCfg = Debug|Any CPU
		{C8000001-0000-0000-0000-000000000001}.Debug|x64.Build.0 = Debug|Any CPU
		{C8000001-0000-0000-0000-000000000001}.Debug|x86.ActiveCfg = Debug|Any CPU
		{C8000001-0000-0000-0000-000000000001}.Debug|x86.Build.0 = Debug|Any CPU
		{C8000001-0000-0000-0000-000000000001}.Release|Any CPU.ActiveCfg = Release|Any CPU
		{C8000001-0000-0000-0000-000000000001}.Release|Any CPU.Build.0 = Release|Any CPU
		{C8000001-0000-0000-0000-000000000001}.Release|x64.ActiveCfg = Release|Any CPU
		{C8000001-0000-0000-0000-000000000001}.Release|x64.Build.0 = Release|Any CPU
		{C8000001-0000-0000-0000-000000000001}.Release|x86.ActiveCfg = Release|Any CPU
		{C8000001-0000-0000-0000-000000000001}.Release|x86.Build.0 = Release|Any CPU
		{C8000002-0000-0000-0000-000000000002}.Debug|Any CPU.ActiveCfg = Debug|Any CPU
		{C8000002-0000-0000-0000-000000000002}.Debug|Any CPU.Build.0 = Debug|Any CPU
		{C8000002-0000-0000-0000-000000000002}.Debug|x64.ActiveCfg = Debug|Any CPU
		{C8000002-0000-0000-0000-000000000002}.Debug|x64.Build.0 = Debug|Any CPU
		{C8000002-0000-0000-0000-000000000002}.Debug|x86.ActiveCfg = Debug|Any CPU
		{C8000002-0000-0000-0000-000000000002}.Debug|x86.Build.0 = Debug|Any CPU
		{C8000002-0000-0000-0000-000000000002}.Release|Any CPU.ActiveCfg = Release|Any CPU
		{C8000002-0000-0000-0000-000000000002}.Release|Any CPU.Build.0 = Release|Any CPU
		{C8000002-0000-0000-0000-000000000002}.Release|x64.ActiveCfg = Release|Any CPU
		{C8000002-0000-0000-0000-000000000002}.Release|x64.Build.0 = Release|Any CPU
		{C8000002-0000-0000-0000-000000000002}.Release|x86.ActiveCfg = Release|Any CPU
		{C8000002-0000-0000-0000-000000000002}.Release|x86.Build.0 = Release|Any CPU
		{C8000003-0000-0000-0000-000000000003}.Debug|Any CPU.ActiveCfg = Debug|Any CPU
		{C8000003-0000-0000-0000-000000000003}.Debug|Any CPU.Build.0 = Debug|Any CPU
		{C8000003-0000-0000-0000-000000000003}.Debug|x64.ActiveCfg = Debug|Any CPU
		{C8000003-0000-0000-0000-000000000003}.Debug|x64.Build.0 = Debug|Any CPU
		{C8000003-0000-0000-0000-000000000003}.Debug|x86.ActiveCfg = Debug|Any CPU
		{C8000003-0000-0000-0000-000000000003}.Debug|x86.Build.0 = Debug|Any CPU
		{C8000003-0000-0000-0000-000000000003}.Release|Any CPU.ActiveCfg = Release|Any CPU
		{C8000003-0000-0000-0000-000000000003}.Release|Any CPU.Build.0 = Release|Any CPU
		{C8000003-0000-0000-0000-000000000003}.Release|x64.ActiveCfg = Release|Any CPU
		{C8000003-0000-0000-0000-000000000003}.Release|x64.Build.0 = Release|Any CPU
		{C8000003-0000-0000-0000-000000000003}.Release|x86.ActiveCfg = Release|Any CPU
		{C8000003-0000-0000-0000-000000000003}.Release|x86.Build.0 = Release|Any CPU
		{C8000004-0000-0000-0000-000000000004}.Debug|Any CPU.ActiveCfg = Debug|Any CPU
		{C8000004-0000-0000-0000-000000000004}.Debug|Any CPU.Build.0 = Debug|Any CPU
		{C8000004-0000-0000-0000-000000000004}.Debug|x64.ActiveCfg = Debug|Any CPU
		{C8000004-0000-0000-0000-000000000004}.Debug|x64.Build.0 = Debug|Any CPU
		{C8000004-0000-0000-0000-000000000004}.Debug|x86.ActiveCfg = Debug|Any CPU
		{C8000004-0000-0000-0000-000000000004}.Debug|x86.Build.0 = Debug|Any CPU
		{C8000004-0000-0000-0000-000000000004}.Release|Any CPU.ActiveCfg = Release|Any CPU
		{C8000004-0000-0000-0000-000000000004}.Release|Any CPU.Build.0 = Release|Any CPU
		{C8000004-0000-0000-0000-000000000004}.Release|x64.ActiveCfg = Release|Any CPU
		{C8000004-0000-0000-0000-000000000004}.Release|x64.Build.0 = Release|Any CPU
		{C8000004-0000-0000-0000-000000000004}.Release|x86.ActiveCfg = Release|Any CPU
		{C8000004-0000-0000-0000-000000000004}.Release|x86.Build.0 = Release|Any CPU
		{C9000001-0000-0000-0000-000000000001}.Debug|Any CPU.ActiveCfg = Debug|Any CPU
		{C9000001-0000-0000-0000-000000000001}.Debug|Any CPU.Build.0 = Debug|Any CPU
		{C9000001-0000-0000-0000-000000000001}.Debug|x64.ActiveCfg = Debug|Any CPU
		{C9000001-0000-0000-0000-000000000001}.Debug|x64.Build.0 = Debug|Any CPU
		{C9000001-0000-0000-0000-000000000001}.Debug|x86.ActiveCfg = Debug|Any CPU
		{C9000001-0000-0000-0000-000000000001}.Debug|x86.Build.0 = Debug|Any CPU
		{C9000001-0000-0000-0000-000000000001}.Release|Any CPU.ActiveCfg = Release|Any CPU
		{C9000001-0000-0000-0000-000000000001}.Release|Any CPU.Build.0 = Release|Any CPU
		{C9000001-0000-0000-0000-000000000001}.Release|x64.ActiveCfg = Release|Any CPU
		{C9000001-0000-0000-0000-000000000001}.Release|x64.Build.0 = Release|Any CPU
		{C9000001-0000-0000-0000-000000000001}.Release|x86.ActiveCfg = Release|Any CPU
		{C9000001-0000-0000-0000-000000000001}.Release|x86.Build.0 = Release|Any CPU
		{C9000002-0000-0000-0000-000000000002}.Debug|Any CPU.ActiveCfg = Debug|Any CPU
		{C9000002-0000-0000-0000-000000000002}.Debug|Any CPU.Build.0 = Debug|Any CPU
		{C9000002-0000-0000-0000-000000000002}.Debug|x64.ActiveCfg = Debug|Any CPU
		{C9000002-0000-0000-0000-000000000002}.Debug|x64.Build.0 = Debug|Any CPU
		{C9000002-0000-0000-0000-000000000002}.Debug|x86.ActiveCfg = Debug|Any CPU
		{C9000002-0000-0000-0000-000000000002}.Debug|x86.Build.0 = Debug|Any CPU
		{C9000002-0000-0000-0000-000000000002}.Release|Any CPU.ActiveCfg = Release|Any CPU
		{C9000002-0000-0000-0000-000000000002}.Release|Any CPU.Build.0 = Release|Any CPU
		{C9000002-0000-0000-0000-000000000002}.Release|x64.ActiveCfg = Release|Any CPU
		{C9000002-0000-0000-0000-000000000002}.Release|x64.Build.0 = Release|Any CPU
		{C9000002-0000-0000-0000-000000000002}.Release|x86.ActiveCfg = Release|Any CPU
		{C9000002-0000-0000-0000-000000000002}.Release|x86.Build.0 = Release|Any CPU
		{C9000003-0000-0000-0000-000000000003}.Debug|Any CPU.ActiveCfg = Debug|Any CPU
		{C9000003-0000-0000-0000-000000000003}.Debug|Any CPU.Build.0 = Debug|Any CPU
		{C9000003-0000-0000-0000-000000000003}.Debug|x64.ActiveCfg = Debug|Any CPU
		{C9000003-0000-0000-0000-000000000003}.Debug|x64.Build.0 = Debug|Any CPU
		{C9000003-0000-0000-0000-000000000003}.Debug|x86.ActiveCfg = Debug|Any CPU
		{C9000003-0000-0000-0000-000000000003}.Debug|x86.Build.0 = Debug|Any CPU
		{C9000003-0000-0000-0000-000000000003}.Release|Any CPU.ActiveCfg = Release|Any CPU
		{C9000003-0000-0000-0000-000000000003}.Release|Any CPU.Build.0 = Release|Any CPU
		{C9000003-0000-0000-0000-000000000003}.Release|x64.ActiveCfg = Release|Any CPU
		{C9000003-0000-0000-0000-000000000003}.Release|x64.Build.0 = Release|Any CPU
		{C9000003-0000-0000-0000-000000000003}.Release|x86.ActiveCfg = Release|Any CPU
		{C9000003-0000-0000-0000-000000000003}.Release|x86.Build.0 = Release|Any CPU
		{C9000004-0000-0000-0000-000000000004}.Debug|Any CPU.ActiveCfg = Debug|Any CPU
		{C9000004-0000-0000-0000-000000000004}.Debug|Any CPU.Build.0 = Debug|Any CPU
		{C9000004-0000-0000-0000-000000000004}.Debug|x64.ActiveCfg = Debug|Any CPU
		{C9000004-0000-0000-0000-000000000004}.Debug|x64.Build.0 = Debug|Any CPU
		{C9000004-0000-0000-0000-000000000004}.Debug|x86.ActiveCfg = Debug|Any CPU
		{C9000004-0000-0000-0000-000000000004}.Debug|x86.Build.0 = Debug|Any CPU
		{C9000004-0000-0000-0000-000000000004}.Release|Any CPU.ActiveCfg = Release|Any CPU
		{C9000004-0000-0000-0000-000000000004}.Release|Any CPU.Build.0 = Release|Any CPU
		{C9000004-0000-0000-0000-000000000004}.Release|x64.ActiveCfg = Release|Any CPU
		{C9000004-0000-0000-0000-000000000004}.Release|x64.Build.0 = Release|Any CPU
		{C9000004-0000-0000-0000-000000000004}.Release|x86.ActiveCfg = Release|Any CPU
		{C9000004-0000-0000-0000-000000000004}.Release|x86.Build.0 = Release|Any CPU
		{CA000001-0000-0000-0000-000000000001}.Debug|Any CPU.ActiveCfg = Debug|Any CPU
		{CA000001-0000-0000-0000-000000000001}.Debug|Any CPU.Build.0 = Debug|Any CPU
		{CA000001-0000-0000-0000-000000000001}.Debug|x64.ActiveCfg = Debug|Any CPU
		{CA000001-0000-0000-0000-000000000001}.Debug|x64.Build.0 = Debug|Any CPU
		{CA000001-0000-0000-0000-000000000001}.Debug|x86.ActiveCfg = Debug|Any CPU
		{CA000001-0000-0000-0000-000000000001}.Debug|x86.Build.0 = Debug|Any CPU
		{CA000001-0000-0000-0000-000000000001}.Release|Any CPU.ActiveCfg = Release|Any CPU
		{CA000001-0000-0000-0000-000000000001}.Release|Any CPU.Build.0 = Release|Any CPU
		{CA000001-0000-0000-0000-000000000001}.Release|x64.ActiveCfg = Release|Any CPU
		{CA000001-0000-0000-0000-000000000001}.Release|x64.Build.0 = Release|Any CPU
		{CA000001-0000-0000-0000-000000000001}.Release|x86.ActiveCfg = Release|Any CPU
		{CA000001-0000-0000-0000-000000000001}.Release|x86.Build.0 = Release|Any CPU
		{CA000002-0000-0000-0000-000000000002}.Debug|Any CPU.ActiveCfg = Debug|Any CPU
		{CA000002-0000-0000-0000-000000000002}.Debug|Any CPU.Build.0 = Debug|Any CPU
		{CA000002-0000-0000-0000-000000000002}.Debug|x64.ActiveCfg = Debug|Any CPU
		{CA000002-0000-0000-0000-000000000002}.Debug|x64.Build.0 = Debug|Any CPU
		{CA000002-0000-0000-0000-000000000002}.Debug|x86.ActiveCfg = Debug|Any CPU
		{CA000002-0000-0000-0000-000000000002}.Debug|x86.Build.0 = Debug|Any CPU
		{CA000002-0000-0000-0000-000000000002}.Release|Any CPU.ActiveCfg = Release|Any CPU
		{CA000002-0000-0000-0000-000000000002}.Release|Any CPU.Build.0 = Release|Any CPU
		{CA000002-0000-0000-0000-000000000002}.Release|x64.ActiveCfg = Release|Any CPU
		{CA000002-0000-0000-0000-000000000002}.Release|x64.Build.0 = Release|Any CPU
		{CA000002-0000-0000-0000-000000000002}.Release|x86.ActiveCfg = Release|Any CPU
		{CA000002-0000-0000-0000-000000000002}.Release|x86.Build.0 = Release|Any CPU
		{CA000003-0000-0000-0000-000000000003}.Debug|Any CPU.ActiveCfg = Debug|Any CPU
		{CA000003-0000-0000-0000-000000000003}.Debug|Any CPU.Build.0 = Debug|Any CPU
		{CA000003-0000-0000-0000-000000000003}.Debug|x64.ActiveCfg = Debug|Any CPU
		{CA000003-0000-0000-0000-000000000003}.Debug|x64.Build.0 = Debug|Any CPU
		{CA000003-0000-0000-0000-000000000003}.Debug|x86.ActiveCfg = Debug|Any CPU
		{CA000003-0000-0000-0000-000000000003}.Debug|x86.Build.0 = Debug|Any CPU
		{CA000003-0000-0000-0000-000000000003}.Release|Any CPU.ActiveCfg = Release|Any CPU
		{CA000003-0000-0000-0000-000000000003}.Release|Any CPU.Build.0 = Release|Any CPU
		{CA000003-0000-0000-0000-000000000003}.Release|x64.ActiveCfg = Release|Any CPU
		{CA000003-0000-0000-0000-000000000003}.Release|x64.Build.0 = Release|Any CPU
		{CA000003-0000-0000-0000-000000000003}.Release|x86.ActiveCfg = Release|Any CPU
		{CA000003-0000-0000-0000-000000000003}.Release|x86.Build.0 = Release|Any CPU
		{CA000004-0000-0000-0000-000000000004}.Debug|Any CPU.ActiveCfg = Debug|Any CPU
		{CA000004-0000-0000-0000-000000000004}.Debug|Any CPU.Build.0 = Debug|Any CPU
		{CA000004-0000-0000-0000-000000000004}.Debug|x64.ActiveCfg = Debug|Any CPU
		{CA000004-0000-0000-0000-000000000004}.Debug|x64.Build.0 = Debug|Any CPU
		{CA000004-0000-0000-0000-000000000004}.Debug|x86.ActiveCfg = Debug|Any CPU
		{CA000004-0000-0000-0000-000000000004}.Debug|x86.Build.0 = Debug|Any CPU
		{CA000004-0000-0000-0000-000000000004}.Release|Any CPU.ActiveCfg = Release|Any CPU
		{CA000004-0000-0000-0000-000000000004}.Release|Any CPU.Build.0 = Release|Any CPU
		{CA000004-0000-0000-0000-000000000004}.Release|x64.ActiveCfg = Release|Any CPU
		{CA000004-0000-0000-0000-000000000004}.Release|x64.Build.0 = Release|Any CPU
		{CA000004-0000-0000-0000-000000000004}.Release|x86.ActiveCfg = Release|Any CPU
		{CA000004-0000-0000-0000-000000000004}.Release|x86.Build.0 = Release|Any CPU
		{CB000001-0000-0000-0000-000000000001}.Debug|Any CPU.ActiveCfg = Debug|Any CPU
		{CB000001-0000-0000-0000-000000000001}.Debug|Any CPU.Build.0 = Debug|Any CPU
		{CB000001-0000-0000-0000-000000000001}.Debug|x64.ActiveCfg = Debug|Any CPU
		{CB000001-0000-0000-0000-000000000001}.Debug|x64.Build.0 = Debug|Any CPU
		{CB000001-0000-0000-0000-000000000001}.Debug|x86.ActiveCfg = Debug|Any CPU
		{CB000001-0000-0000-0000-000000000001}.Debug|x86.Build.0 = Debug|Any CPU
		{CB000001-0000-0000-0000-000000000001}.Release|Any CPU.ActiveCfg = Release|Any CPU
		{CB000001-0000-0000-0000-000000000001}.Release|Any CPU.Build.0 = Release|Any CPU
		{CB000001-0000-0000-0000-000000000001}.Release|x64.ActiveCfg = Release|Any CPU
		{CB000001-0000-0000-0000-000000000001}.Release|x64.Build.0 = Release|Any CPU
		{CB000001-0000-0000-0000-000000000001}.Release|x86.ActiveCfg = Release|Any CPU
		{CB000001-0000-0000-0000-000000000001}.Release|x86.Build.0 = Release|Any CPU
		{D1000001-0000-0000-0000-000000000001}.Debug|Any CPU.ActiveCfg = Debug|Any CPU
		{D1000001-0000-0000-0000-000000000001}.Debug|Any CPU.Build.0 = Debug|Any CPU
		{D1000001-0000-0000-0000-000000000001}.Debug|x64.ActiveCfg = Debug|Any CPU
		{D1000001-0000-0000-0000-000000000001}.Debug|x64.Build.0 = Debug|Any CPU
		{D1000001-0000-0000-0000-000000000001}.Debug|x86.ActiveCfg = Debug|Any CPU
		{D1000001-0000-0000-0000-000000000001}.Debug|x86.Build.0 = Debug|Any CPU
		{D1000001-0000-0000-0000-000000000001}.Release|Any CPU.ActiveCfg = Release|Any CPU
		{D1000001-0000-0000-0000-000000000001}.Release|Any CPU.Build.0 = Release|Any CPU
		{D1000001-0000-0000-0000-000000000001}.Release|x64.ActiveCfg = Release|Any CPU
		{D1000001-0000-0000-0000-000000000001}.Release|x64.Build.0 = Release|Any CPU
		{D1000001-0000-0000-0000-000000000001}.Release|x86.ActiveCfg = Release|Any CPU
		{D1000001-0000-0000-0000-000000000001}.Release|x86.Build.0 = Release|Any CPU
		{D1000002-0000-0000-0000-000000000002}.Debug|Any CPU.ActiveCfg = Debug|Any CPU
		{D1000002-0000-0000-0000-000000000002}.Debug|Any CPU.Build.0 = Debug|Any CPU
		{D1000002-0000-0000-0000-000000000002}.Debug|x64.ActiveCfg = Debug|Any CPU
		{D1000002-0000-0000-0000-000000000002}.Debug|x64.Build.0 = Debug|Any CPU
		{D1000002-0000-0000-0000-000000000002}.Debug|x86.ActiveCfg = Debug|Any CPU
		{D1000002-0000-0000-0000-000000000002}.Debug|x86.Build.0 = Debug|Any CPU
		{D1000002-0000-0000-0000-000000000002}.Release|Any CPU.ActiveCfg = Release|Any CPU
		{D1000002-0000-0000-0000-000000000002}.Release|Any CPU.Build.0 = Release|Any CPU
		{D1000002-0000-0000-0000-000000000002}.Release|x64.ActiveCfg = Release|Any CPU
		{D1000002-0000-0000-0000-000000000002}.Release|x64.Build.0 = Release|Any CPU
		{D1000002-0000-0000-0000-000000000002}.Release|x86.ActiveCfg = Release|Any CPU
		{D1000002-0000-0000-0000-000000000002}.Release|x86.Build.0 = Release|Any CPU
		{D1000003-0000-0000-0000-000000000003}.Debug|Any CPU.ActiveCfg = Debug|Any CPU
		{D1000003-0000-0000-0000-000000000003}.Debug|Any CPU.Build.0 = Debug|Any CPU
		{D1000003-0000-0000-0000-000000000003}.Debug|x64.ActiveCfg = Debug|Any CPU
		{D1000003-0000-0000-0000-000000000003}.Debug|x64.Build.0 = Debug|Any CPU
		{D1000003-0000-0000-0000-000000000003}.Debug|x86.ActiveCfg = Debug|Any CPU
		{D1000003-0000-0000-0000-000000000003}.Debug|x86.Build.0 = Debug|Any CPU
		{D1000003-0000-0000-0000-000000000003}.Release|Any CPU.ActiveCfg = Release|Any CPU
		{D1000003-0000-0000-0000-000000000003}.Release|Any CPU.Build.0 = Release|Any CPU
		{D1000003-0000-0000-0000-000000000003}.Release|x64.ActiveCfg = Release|Any CPU
		{D1000003-0000-0000-0000-000000000003}.Release|x64.Build.0 = Release|Any CPU
		{D1000003-0000-0000-0000-000000000003}.Release|x86.ActiveCfg = Release|Any CPU
		{D1000003-0000-0000-0000-000000000003}.Release|x86.Build.0 = Release|Any CPU
		{D1000004-0000-0000-0000-000000000004}.Debug|Any CPU.ActiveCfg = Debug|Any CPU
		{D1000004-0000-0000-0000-000000000004}.Debug|Any CPU.Build.0 = Debug|Any CPU
		{D1000004-0000-0000-0000-000000000004}.Debug|x64.ActiveCfg = Debug|Any CPU
		{D1000004-0000-0000-0000-000000000004}.Debug|x64.Build.0 = Debug|Any CPU
		{D1000004-0000-0000-0000-000000000004}.Debug|x86.ActiveCfg = Debug|Any CPU
		{D1000004-0000-0000-0000-000000000004}.Debug|x86.Build.0 = Debug|Any CPU
		{D1000004-0000-0000-0000-000000000004}.Release|Any CPU.ActiveCfg = Release|Any CPU
		{D1000004-0000-0000-0000-000000000004}.Release|Any CPU.Build.0 = Release|Any CPU
		{D1000004-0000-0000-0000-000000000004}.Release|x64.ActiveCfg = Release|Any CPU
		{D1000004-0000-0000-0000-000000000004}.Release|x64.Build.0 = Release|Any CPU
		{D1000004-0000-0000-0000-000000000004}.Release|x86.ActiveCfg = Release|Any CPU
		{D1000004-0000-0000-0000-000000000004}.Release|x86.Build.0 = Release|Any CPU
		{6C7AE47B-FAF3-4EF0-BFD7-2066491485EC}.Debug|Any CPU.ActiveCfg = Debug|Any CPU
		{6C7AE47B-FAF3-4EF0-BFD7-2066491485EC}.Debug|Any CPU.Build.0 = Debug|Any CPU
		{6C7AE47B-FAF3-4EF0-BFD7-2066491485EC}.Debug|x64.ActiveCfg = Debug|Any CPU
		{6C7AE47B-FAF3-4EF0-BFD7-2066491485EC}.Debug|x64.Build.0 = Debug|Any CPU
		{6C7AE47B-FAF3-4EF0-BFD7-2066491485EC}.Debug|x86.ActiveCfg = Debug|Any CPU
		{6C7AE47B-FAF3-4EF0-BFD7-2066491485EC}.Debug|x86.Build.0 = Debug|Any CPU
		{6C7AE47B-FAF3-4EF0-BFD7-2066491485EC}.Release|Any CPU.ActiveCfg = Release|Any CPU
		{6C7AE47B-FAF3-4EF0-BFD7-2066491485EC}.Release|Any CPU.Build.0 = Release|Any CPU
		{6C7AE47B-FAF3-4EF0-BFD7-2066491485EC}.Release|x64.ActiveCfg = Release|Any CPU
		{6C7AE47B-FAF3-4EF0-BFD7-2066491485EC}.Release|x64.Build.0 = Release|Any CPU
		{6C7AE47B-FAF3-4EF0-BFD7-2066491485EC}.Release|x86.ActiveCfg = Release|Any CPU
		{6C7AE47B-FAF3-4EF0-BFD7-2066491485EC}.Release|x86.Build.0 = Release|Any CPU
		{F2716837-85C6-4124-B101-6D008887DFE8}.Debug|Any CPU.ActiveCfg = Debug|Any CPU
		{F2716837-85C6-4124-B101-6D008887DFE8}.Debug|Any CPU.Build.0 = Debug|Any CPU
		{F2716837-85C6-4124-B101-6D008887DFE8}.Debug|x64.ActiveCfg = Debug|Any CPU
		{F2716837-85C6-4124-B101-6D008887DFE8}.Debug|x64.Build.0 = Debug|Any CPU
		{F2716837-85C6-4124-B101-6D008887DFE8}.Debug|x86.ActiveCfg = Debug|Any CPU
		{F2716837-85C6-4124-B101-6D008887DFE8}.Debug|x86.Build.0 = Debug|Any CPU
		{F2716837-85C6-4124-B101-6D008887DFE8}.Release|Any CPU.ActiveCfg = Release|Any CPU
		{F2716837-85C6-4124-B101-6D008887DFE8}.Release|Any CPU.Build.0 = Release|Any CPU
		{F2716837-85C6-4124-B101-6D008887DFE8}.Release|x64.ActiveCfg = Release|Any CPU
		{F2716837-85C6-4124-B101-6D008887DFE8}.Release|x64.Build.0 = Release|Any CPU
		{F2716837-85C6-4124-B101-6D008887DFE8}.Release|x86.ActiveCfg = Release|Any CPU
		{F2716837-85C6-4124-B101-6D008887DFE8}.Release|x86.Build.0 = Release|Any CPU
		{249358DB-6D60-4297-93BC-65EC5ABEDE15}.Debug|Any CPU.ActiveCfg = Debug|Any CPU
		{249358DB-6D60-4297-93BC-65EC5ABEDE15}.Debug|Any CPU.Build.0 = Debug|Any CPU
		{249358DB-6D60-4297-93BC-65EC5ABEDE15}.Debug|x64.ActiveCfg = Debug|Any CPU
		{249358DB-6D60-4297-93BC-65EC5ABEDE15}.Debug|x64.Build.0 = Debug|Any CPU
		{249358DB-6D60-4297-93BC-65EC5ABEDE15}.Debug|x86.ActiveCfg = Debug|Any CPU
		{249358DB-6D60-4297-93BC-65EC5ABEDE15}.Debug|x86.Build.0 = Debug|Any CPU
		{249358DB-6D60-4297-93BC-65EC5ABEDE15}.Release|Any CPU.ActiveCfg = Release|Any CPU
		{249358DB-6D60-4297-93BC-65EC5ABEDE15}.Release|Any CPU.Build.0 = Release|Any CPU
		{249358DB-6D60-4297-93BC-65EC5ABEDE15}.Release|x64.ActiveCfg = Release|Any CPU
		{249358DB-6D60-4297-93BC-65EC5ABEDE15}.Release|x64.Build.0 = Release|Any CPU
		{249358DB-6D60-4297-93BC-65EC5ABEDE15}.Release|x86.ActiveCfg = Release|Any CPU
		{249358DB-6D60-4297-93BC-65EC5ABEDE15}.Release|x86.Build.0 = Release|Any CPU
		{A07EFFC4-CB5F-41F2-AB95-335B0E0F2AB7}.Debug|Any CPU.ActiveCfg = Debug|Any CPU
		{A07EFFC4-CB5F-41F2-AB95-335B0E0F2AB7}.Debug|Any CPU.Build.0 = Debug|Any CPU
		{A07EFFC4-CB5F-41F2-AB95-335B0E0F2AB7}.Debug|x64.ActiveCfg = Debug|Any CPU
		{A07EFFC4-CB5F-41F2-AB95-335B0E0F2AB7}.Debug|x64.Build.0 = Debug|Any CPU
		{A07EFFC4-CB5F-41F2-AB95-335B0E0F2AB7}.Debug|x86.ActiveCfg = Debug|Any CPU
		{A07EFFC4-CB5F-41F2-AB95-335B0E0F2AB7}.Debug|x86.Build.0 = Debug|Any CPU
		{A07EFFC4-CB5F-41F2-AB95-335B0E0F2AB7}.Release|Any CPU.ActiveCfg = Release|Any CPU
		{A07EFFC4-CB5F-41F2-AB95-335B0E0F2AB7}.Release|Any CPU.Build.0 = Release|Any CPU
		{A07EFFC4-CB5F-41F2-AB95-335B0E0F2AB7}.Release|x64.ActiveCfg = Release|Any CPU
		{A07EFFC4-CB5F-41F2-AB95-335B0E0F2AB7}.Release|x64.Build.0 = Release|Any CPU
		{A07EFFC4-CB5F-41F2-AB95-335B0E0F2AB7}.Release|x86.ActiveCfg = Release|Any CPU
		{A07EFFC4-CB5F-41F2-AB95-335B0E0F2AB7}.Release|x86.Build.0 = Release|Any CPU
		{7C74EBB3-BAED-46AD-A9FF-AB117B18F09D}.Debug|Any CPU.ActiveCfg = Debug|Any CPU
		{7C74EBB3-BAED-46AD-A9FF-AB117B18F09D}.Debug|Any CPU.Build.0 = Debug|Any CPU
		{7C74EBB3-BAED-46AD-A9FF-AB117B18F09D}.Debug|x64.ActiveCfg = Debug|Any CPU
		{7C74EBB3-BAED-46AD-A9FF-AB117B18F09D}.Debug|x64.Build.0 = Debug|Any CPU
		{7C74EBB3-BAED-46AD-A9FF-AB117B18F09D}.Debug|x86.ActiveCfg = Debug|Any CPU
		{7C74EBB3-BAED-46AD-A9FF-AB117B18F09D}.Debug|x86.Build.0 = Debug|Any CPU
		{7C74EBB3-BAED-46AD-A9FF-AB117B18F09D}.Release|Any CPU.ActiveCfg = Release|Any CPU
		{7C74EBB3-BAED-46AD-A9FF-AB117B18F09D}.Release|Any CPU.Build.0 = Release|Any CPU
		{7C74EBB3-BAED-46AD-A9FF-AB117B18F09D}.Release|x64.ActiveCfg = Release|Any CPU
		{7C74EBB3-BAED-46AD-A9FF-AB117B18F09D}.Release|x64.Build.0 = Release|Any CPU
		{7C74EBB3-BAED-46AD-A9FF-AB117B18F09D}.Release|x86.ActiveCfg = Release|Any CPU
		{7C74EBB3-BAED-46AD-A9FF-AB117B18F09D}.Release|x86.Build.0 = Release|Any CPU
		{FBE6E25D-A898-47D0-ADC2-193611877D2B}.Debug|Any CPU.ActiveCfg = Debug|Any CPU
		{FBE6E25D-A898-47D0-ADC2-193611877D2B}.Debug|Any CPU.Build.0 = Debug|Any CPU
		{FBE6E25D-A898-47D0-ADC2-193611877D2B}.Debug|x64.ActiveCfg = Debug|Any CPU
		{FBE6E25D-A898-47D0-ADC2-193611877D2B}.Debug|x64.Build.0 = Debug|Any CPU
		{FBE6E25D-A898-47D0-ADC2-193611877D2B}.Debug|x86.ActiveCfg = Debug|Any CPU
		{FBE6E25D-A898-47D0-ADC2-193611877D2B}.Debug|x86.Build.0 = Debug|Any CPU
		{FBE6E25D-A898-47D0-ADC2-193611877D2B}.Release|Any CPU.ActiveCfg = Release|Any CPU
		{FBE6E25D-A898-47D0-ADC2-193611877D2B}.Release|Any CPU.Build.0 = Release|Any CPU
		{FBE6E25D-A898-47D0-ADC2-193611877D2B}.Release|x64.ActiveCfg = Release|Any CPU
		{FBE6E25D-A898-47D0-ADC2-193611877D2B}.Release|x64.Build.0 = Release|Any CPU
		{FBE6E25D-A898-47D0-ADC2-193611877D2B}.Release|x86.ActiveCfg = Release|Any CPU
		{FBE6E25D-A898-47D0-ADC2-193611877D2B}.Release|x86.Build.0 = Release|Any CPU
		{15DF27B6-2172-40A3-9678-0E0815C53D4F}.Debug|Any CPU.ActiveCfg = Debug|Any CPU
		{15DF27B6-2172-40A3-9678-0E0815C53D4F}.Debug|Any CPU.Build.0 = Debug|Any CPU
		{15DF27B6-2172-40A3-9678-0E0815C53D4F}.Debug|x64.ActiveCfg = Debug|Any CPU
		{15DF27B6-2172-40A3-9678-0E0815C53D4F}.Debug|x64.Build.0 = Debug|Any CPU
		{15DF27B6-2172-40A3-9678-0E0815C53D4F}.Debug|x86.ActiveCfg = Debug|Any CPU
		{15DF27B6-2172-40A3-9678-0E0815C53D4F}.Debug|x86.Build.0 = Debug|Any CPU
		{15DF27B6-2172-40A3-9678-0E0815C53D4F}.Release|Any CPU.ActiveCfg = Release|Any CPU
		{15DF27B6-2172-40A3-9678-0E0815C53D4F}.Release|Any CPU.Build.0 = Release|Any CPU
		{15DF27B6-2172-40A3-9678-0E0815C53D4F}.Release|x64.ActiveCfg = Release|Any CPU
		{15DF27B6-2172-40A3-9678-0E0815C53D4F}.Release|x64.Build.0 = Release|Any CPU
		{15DF27B6-2172-40A3-9678-0E0815C53D4F}.Release|x86.ActiveCfg = Release|Any CPU
		{15DF27B6-2172-40A3-9678-0E0815C53D4F}.Release|x86.Build.0 = Release|Any CPU
	EndGlobalSection
	GlobalSection(SolutionProperties) = preSolution
		HideSolutionNode = FALSE
	EndGlobalSection
	GlobalSection(NestedProjects) = preSolution
		{A1000002-0000-0000-0000-000000000002} = {A1000001-0000-0000-0000-000000000001}
		{A1000003-0000-0000-0000-000000000003} = {A1000001-0000-0000-0000-000000000001}
		{A1000004-0000-0000-0000-000000000004} = {A1000003-0000-0000-0000-000000000003}
		{A1000005-0000-0000-0000-000000000005} = {A1000003-0000-0000-0000-000000000003}
		{A1000006-0000-0000-0000-000000000006} = {A1000003-0000-0000-0000-000000000003}
		{A1000007-0000-0000-0000-000000000007} = {A1000003-0000-0000-0000-000000000003}
		{A1000008-0000-0000-0000-000000000008} = {A1000003-0000-0000-0000-000000000003}
		{A1000009-0000-0000-0000-000000000009} = {A1000003-0000-0000-0000-000000000003}
		{A100000A-0000-0000-0000-00000000000A} = {A1000003-0000-0000-0000-000000000003}
		{A100000B-0000-0000-0000-00000000000B} = {A1000003-0000-0000-0000-000000000003}
		{A100000C-0000-0000-0000-00000000000C} = {A1000003-0000-0000-0000-000000000003}
		{A100000D-0000-0000-0000-00000000000D} = {A1000003-0000-0000-0000-000000000003}
		{A100000E-0000-0000-0000-00000000000E} = {A1000001-0000-0000-0000-000000000001}
		{B1000001-0000-0000-0000-000000000001} = {A1000002-0000-0000-0000-000000000002}
		{B1000002-0000-0000-0000-000000000002} = {A1000002-0000-0000-0000-000000000002}
		{B1000003-0000-0000-0000-000000000003} = {A1000002-0000-0000-0000-000000000002}
		{B1000004-0000-0000-0000-000000000004} = {A1000002-0000-0000-0000-000000000002}
		{C1000001-0000-0000-0000-000000000001} = {A1000004-0000-0000-0000-000000000004}
		{C1000002-0000-0000-0000-000000000002} = {A1000004-0000-0000-0000-000000000004}
		{C1000003-0000-0000-0000-000000000003} = {A1000004-0000-0000-0000-000000000004}
		{C2000001-0000-0000-0000-000000000001} = {A1000005-0000-0000-0000-000000000005}
		{C2000002-0000-0000-0000-000000000002} = {A1000005-0000-0000-0000-000000000005}
		{C2000003-0000-0000-0000-000000000003} = {A1000005-0000-0000-0000-000000000005}
		{C2000004-0000-0000-0000-000000000004} = {A1000005-0000-0000-0000-000000000005}
		{C3000001-0000-0000-0000-000000000001} = {A1000006-0000-0000-0000-000000000006}
		{C3000002-0000-0000-0000-000000000002} = {A1000006-0000-0000-0000-000000000006}
		{C3000003-0000-0000-0000-000000000003} = {A1000006-0000-0000-0000-000000000006}
		{C3000004-0000-0000-0000-000000000004} = {A1000006-0000-0000-0000-000000000006}
		{C4000001-0000-0000-0000-000000000001} = {A1000007-0000-0000-0000-000000000007}
		{C4000002-0000-0000-0000-000000000002} = {A1000007-0000-0000-0000-000000000007}
		{C4000003-0000-0000-0000-000000000003} = {A1000007-0000-0000-0000-000000000007}
		{C4000004-0000-0000-0000-000000000004} = {A1000007-0000-0000-0000-000000000007}
		{C5000001-0000-0000-0000-000000000001} = {A1000008-0000-0000-0000-000000000008}
		{C5000002-0000-0000-0000-000000000002} = {A1000008-0000-0000-0000-000000000008}
		{C5000003-0000-0000-0000-000000000003} = {A1000008-0000-0000-0000-000000000008}
		{C5000004-0000-0000-0000-000000000004} = {A1000008-0000-0000-0000-000000000008}
		{C6000001-0000-0000-0000-000000000001} = {A1000009-0000-0000-0000-000000000009}
		{C6000002-0000-0000-0000-000000000002} = {A1000009-0000-0000-0000-000000000009}
		{C6000003-0000-0000-0000-000000000003} = {A1000009-0000-0000-0000-000000000009}
		{C6000004-0000-0000-0000-000000000004} = {A1000009-0000-0000-0000-000000000009}
		{C7000001-0000-0000-0000-000000000001} = {A100000A-0000-0000-0000-00000000000A}
		{C7000002-0000-0000-0000-000000000002} = {A100000A-0000-0000-0000-00000000000A}
		{C7000003-0000-0000-0000-000000000003} = {A100000A-0000-0000-0000-00000000000A}
		{C7000004-0000-0000-0000-000000000004} = {A100000A-0000-0000-0000-00000000000A}
		{C8000001-0000-0000-0000-000000000001} = {A100000B-0000-0000-0000-00000000000B}
		{C8000002-0000-0000-0000-000000000002} = {A100000B-0000-0000-0000-00000000000B}
		{C8000003-0000-0000-0000-000000000003} = {A100000B-0000-0000-0000-00000000000B}
		{C8000004-0000-0000-0000-000000000004} = {A100000B-0000-0000-0000-00000000000B}
		{C9000001-0000-0000-0000-000000000001} = {A100000C-0000-0000-0000-00000000000C}
		{C9000002-0000-0000-0000-000000000002} = {A100000C-0000-0000-0000-00000000000C}
		{C9000003-0000-0000-0000-000000000003} = {A100000C-0000-0000-0000-00000000000C}
		{C9000004-0000-0000-0000-000000000004} = {A100000C-0000-0000-0000-00000000000C}
		{CA000001-0000-0000-0000-000000000001} = {A100000D-0000-0000-0000-00000000000D}
		{CA000002-0000-0000-0000-000000000002} = {A100000D-0000-0000-0000-00000000000D}
		{CA000003-0000-0000-0000-000000000003} = {A100000D-0000-0000-0000-00000000000D}
		{CA000004-0000-0000-0000-000000000004} = {A100000D-0000-0000-0000-00000000000D}
		{CB000001-0000-0000-0000-000000000001} = {A100000E-0000-0000-0000-00000000000E}
		{D1000001-0000-0000-0000-000000000001} = {A100000F-0000-0000-0000-00000000000F}
		{D1000002-0000-0000-0000-000000000002} = {A100000F-0000-0000-0000-00000000000F}
		{D1000003-0000-0000-0000-000000000003} = {A100000F-0000-0000-0000-00000000000F}
		{D1000004-0000-0000-0000-000000000004} = {A100000F-0000-0000-0000-00000000000F}
		{6C7AE47B-FAF3-4EF0-BFD7-2066491485EC} = {A100000F-0000-0000-0000-00000000000F}
		{F2716837-85C6-4124-B101-6D008887DFE8} = {A100000F-0000-0000-0000-00000000000F}
		{249358DB-6D60-4297-93BC-65EC5ABEDE15} = {A100000F-0000-0000-0000-00000000000F}
		{A07EFFC4-CB5F-41F2-AB95-335B0E0F2AB7} = {A100000F-0000-0000-0000-00000000000F}
		{7C74EBB3-BAED-46AD-A9FF-AB117B18F09D} = {A100000F-0000-0000-0000-00000000000F}
		{FBE6E25D-A898-47D0-ADC2-193611877D2B} = {A100000F-0000-0000-0000-00000000000F}
		{15DF27B6-2172-40A3-9678-0E0815C53D4F} = {A100000F-0000-0000-0000-00000000000F}
	EndGlobalSection
EndGlobal
